
Microsoft Visual Studio Solution File, Format Version 12.00
# Visual Studio 14
VisualStudioVersion = 14.0.25420.1
MinimumVisualStudioVersion = 10.0.40219.1
Project("{FAE04EC0-301F-11D3-BF4B-00C04F79EFBC}") = "FDSYBrewery", "FDSYBrewery\FDSYBrewery.csproj", "{EE874119-B7CA-44AF-958B-11A6E8C34264}"
EndProject
Project("{FAE04EC0-301F-11D3-BF4B-00C04F79EFBC}") = "FDSYBrewery.Tests", "FDSYBrewery.Tests\FDSYBrewery.Tests.csproj", "{8C115DFB-6B7D-4CAB-8D05-E07925AD454D}"
EndProject
Global
	GlobalSection(SolutionConfigurationPlatforms) = preSolution
		Debug|Any CPU = Debug|Any CPU
		Release|Any CPU = Release|Any CPU
	EndGlobalSection
	GlobalSection(ProjectConfigurationPlatforms) = postSolution
		{EE874119-B7CA-44AF-958B-11A6E8C34264}.Debug|Any CPU.ActiveCfg = Debug|Any CPU
		{EE874119-B7CA-44AF-958B-11A6E8C34264}.Debug|Any CPU.Build.0 = Debug|Any CPU
		{EE874119-B7CA-44AF-958B-11A6E8C34264}.Release|Any CPU.ActiveCfg = Release|Any CPU
		{EE874119-B7CA-44AF-958B-11A6E8C34264}.Release|Any CPU.Build.0 = Release|Any CPU
		{8C115DFB-6B7D-4CAB-8D05-E07925AD454D}.Debug|Any CPU.ActiveCfg = Debug|Any CPU
		{8C115DFB-6B7D-4CAB-8D05-E07925AD454D}.Debug|Any CPU.Build.0 = Debug|Any CPU
		{8C115DFB-6B7D-4CAB-8D05-E07925AD454D}.Release|Any CPU.ActiveCfg = Release|Any CPU
		{8C115DFB-6B7D-4CAB-8D05-E07925AD454D}.Release|Any CPU.Build.0 = Release|Any CPU
	EndGlobalSection
	GlobalSection(SolutionProperties) = preSolution
		HideSolutionNode = FALSE
	EndGlobalSection
EndGlobal
